
Microsoft Visual Studio Solution File, Format Version 12.00
# Visual Studio 15
VisualStudioVersion = 15.0.27004.2008
MinimumVisualStudioVersion = 10.0.40219.1
Project("{FAE04EC0-301F-11D3-BF4B-00C04F79EFBC}") = "lab5", "lab5\lab5.csproj", "{236D6AFE-EAD8-441F-A430-00CDB0518525}"
EndProject
Global
	GlobalSection(SolutionConfigurationPlatforms) = preSolution
		Debug|Any CPU = Debug|Any CPU
		Release|Any CPU = Release|Any CPU
	EndGlobalSection
	GlobalSection(ProjectConfigurationPlatforms) = postSolution
		{236D6AFE-EAD8-441F-A430-00CDB0518525}.Debug|Any CPU.ActiveCfg = Debug|Any CPU
		{236D6AFE-EAD8-441F-A430-00CDB0518525}.Debug|Any CPU.Build.0 = Debug|Any CPU
		{236D6AFE-EAD8-441F-A430-00CDB0518525}.Release|Any CPU.ActiveCfg = Release|Any CPU
		{236D6AFE-EAD8-441F-A430-00CDB0518525}.Release|Any CPU.Build.0 = Release|Any CPU
	EndGlobalSection
	GlobalSection(SolutionProperties) = preSolution
		HideSolutionNode = FALSE
	EndGlobalSection
	GlobalSection(ExtensibilityGlobals) = postSolution
		SolutionGuid = {1CC69937-1E5E-4B75-9E0E-31387C709541}
	EndGlobalSection
EndGlobal
